// !$*UTF8*$!
{
	archiveVersion = 1;
	classes = {
	};
	objectVersion = 48;
	objects = {

/* Begin PBXBuildFile section */
		7076A382817C4975F1BD2F31 /* Pods_smackChat.framework in Frameworks */ = {isa = PBXBuildFile; fileRef = 658DC7B09950FC55116249AF /* Pods_smackChat.framework */; };
		F66FADB31F27F4A40017F758 /* AppDelegate.swift in Sources */ = {isa = PBXBuildFile; fileRef = F66FADB21F27F4A40017F758 /* AppDelegate.swift */; };
		F66FADB81F27F4A40017F758 /* Main.storyboard in Resources */ = {isa = PBXBuildFile; fileRef = F66FADB61F27F4A40017F758 /* Main.storyboard */; };
		F66FADBA1F27F4A40017F758 /* Assets.xcassets in Resources */ = {isa = PBXBuildFile; fileRef = F66FADB91F27F4A40017F758 /* Assets.xcassets */; };
		F66FADBD1F27F4A40017F758 /* LaunchScreen.storyboard in Resources */ = {isa = PBXBuildFile; fileRef = F66FADBB1F27F4A40017F758 /* LaunchScreen.storyboard */; };
		F66FADCC1F27FCA30017F758 /* ChatVC.swift in Sources */ = {isa = PBXBuildFile; fileRef = F66FADCB1F27FCA30017F758 /* ChatVC.swift */; };
		F66FADCE1F27FCB20017F758 /* ChannelVC.swift in Sources */ = {isa = PBXBuildFile; fileRef = F66FADCD1F27FCB20017F758 /* ChannelVC.swift */; };
		F66FADD11F2803990017F758 /* SWRevealViewController.m in Sources */ = {isa = PBXBuildFile; fileRef = F66FADCF1F2803340017F758 /* SWRevealViewController.m */; };
		F66FADD41F2838650017F758 /* GradientView.swift in Sources */ = {isa = PBXBuildFile; fileRef = F66FADD31F2838650017F758 /* GradientView.swift */; };
		F66FADD71F2840790017F758 /* Constants.swift in Sources */ = {isa = PBXBuildFile; fileRef = F66FADD61F2840790017F758 /* Constants.swift */; };
		F66FADD91F2844A40017F758 /* LoginVC.swift in Sources */ = {isa = PBXBuildFile; fileRef = F66FADD81F2844A40017F758 /* LoginVC.swift */; };
		F66FADDB1F28F8410017F758 /* CreateAccountVC.swift in Sources */ = {isa = PBXBuildFile; fileRef = F66FADDA1F28F8410017F758 /* CreateAccountVC.swift */; };
		F68CB21C1F29447A00AED387 /* AuthService.swift in Sources */ = {isa = PBXBuildFile; fileRef = F68CB21B1F29447A00AED387 /* AuthService.swift */; };
		F68FBD1A1F2A9A03009F0466 /* AvatarCell.swift in Sources */ = {isa = PBXBuildFile; fileRef = F68FBD191F2A9A03009F0466 /* AvatarCell.swift */; };
		F68FBD1C1F2AA31D009F0466 /* CircleImage.swift in Sources */ = {isa = PBXBuildFile; fileRef = F68FBD1B1F2AA31D009F0466 /* CircleImage.swift */; };
		F68FBD1F1F2AB29D009F0466 /* ProfileVC.swift in Sources */ = {isa = PBXBuildFile; fileRef = F68FBD1D1F2AB29D009F0466 /* ProfileVC.swift */; };
		F68FBD201F2AB29D009F0466 /* ProfileVC.xib in Resources */ = {isa = PBXBuildFile; fileRef = F68FBD1E1F2AB29D009F0466 /* ProfileVC.xib */; };
		F6F545A91F2A88A400468135 /* RoundedButton.swift in Sources */ = {isa = PBXBuildFile; fileRef = F6F545A81F2A88A400468135 /* RoundedButton.swift */; };
		F6F545AB1F2A900000468135 /* UserDataService.swift in Sources */ = {isa = PBXBuildFile; fileRef = F6F545AA1F2A900000468135 /* UserDataService.swift */; };
		F6F545AD1F2A97C400468135 /* AvatarPickerVC.swift in Sources */ = {isa = PBXBuildFile; fileRef = F6F545AC1F2A97C400468135 /* AvatarPickerVC.swift */; };
/* End PBXBuildFile section */

/* Begin PBXFileReference section */
		465A4CD5AE397B8F4E8AF3A2 /* Pods-smackChat.debug.xcconfig */ = {isa = PBXFileReference; includeInIndex = 1; lastKnownFileType = text.xcconfig; name = "Pods-smackChat.debug.xcconfig"; path = "Pods/Target Support Files/Pods-smackChat/Pods-smackChat.debug.xcconfig"; sourceTree = "<group>"; };
		658DC7B09950FC55116249AF /* Pods_smackChat.framework */ = {isa = PBXFileReference; explicitFileType = wrapper.framework; includeInIndex = 0; path = Pods_smackChat.framework; sourceTree = BUILT_PRODUCTS_DIR; };
		B14770CAD4465D21BB68C0BD /* Pods-smackChat.release.xcconfig */ = {isa = PBXFileReference; includeInIndex = 1; lastKnownFileType = text.xcconfig; name = "Pods-smackChat.release.xcconfig"; path = "Pods/Target Support Files/Pods-smackChat/Pods-smackChat.release.xcconfig"; sourceTree = "<group>"; };
		F66FADAF1F27F4A40017F758 /* smackChat.app */ = {isa = PBXFileReference; explicitFileType = wrapper.application; includeInIndex = 0; path = smackChat.app; sourceTree = BUILT_PRODUCTS_DIR; };
		F66FADB21F27F4A40017F758 /* AppDelegate.swift */ = {isa = PBXFileReference; lastKnownFileType = sourcecode.swift; path = AppDelegate.swift; sourceTree = "<group>"; };
		F66FADB71F27F4A40017F758 /* Base */ = {isa = PBXFileReference; lastKnownFileType = file.storyboard; name = Base; path = Base.lproj/Main.storyboard; sourceTree = "<group>"; };
		F66FADB91F27F4A40017F758 /* Assets.xcassets */ = {isa = PBXFileReference; lastKnownFileType = folder.assetcatalog; path = Assets.xcassets; sourceTree = "<group>"; };
		F66FADBC1F27F4A40017F758 /* Base */ = {isa = PBXFileReference; lastKnownFileType = file.storyboard; name = Base; path = Base.lproj/LaunchScreen.storyboard; sourceTree = "<group>"; };
		F66FADBE1F27F4A40017F758 /* Info.plist */ = {isa = PBXFileReference; lastKnownFileType = text.plist.xml; path = Info.plist; sourceTree = "<group>"; };
		F66FADCB1F27FCA30017F758 /* ChatVC.swift */ = {isa = PBXFileReference; lastKnownFileType = sourcecode.swift; path = ChatVC.swift; sourceTree = "<group>"; };
		F66FADCD1F27FCB20017F758 /* ChannelVC.swift */ = {isa = PBXFileReference; lastKnownFileType = sourcecode.swift; path = ChannelVC.swift; sourceTree = "<group>"; };
		F66FADCF1F2803340017F758 /* SWRevealViewController.m */ = {isa = PBXFileReference; lastKnownFileType = sourcecode.c.objc; path = SWRevealViewController.m; sourceTree = "<group>"; };
		F66FADD01F2803340017F758 /* SWRevealViewController.h */ = {isa = PBXFileReference; lastKnownFileType = sourcecode.c.h; path = SWRevealViewController.h; sourceTree = "<group>"; };
		F66FADD21F2804320017F758 /* smackChat-Bridging-Header.h */ = {isa = PBXFileReference; lastKnownFileType = sourcecode.c.h; path = "smackChat-Bridging-Header.h"; sourceTree = "<group>"; };
		F66FADD31F2838650017F758 /* GradientView.swift */ = {isa = PBXFileReference; lastKnownFileType = sourcecode.swift; path = GradientView.swift; sourceTree = "<group>"; };
		F66FADD61F2840790017F758 /* Constants.swift */ = {isa = PBXFileReference; lastKnownFileType = sourcecode.swift; path = Constants.swift; sourceTree = "<group>"; };
		F66FADD81F2844A40017F758 /* LoginVC.swift */ = {isa = PBXFileReference; lastKnownFileType = sourcecode.swift; path = LoginVC.swift; sourceTree = "<group>"; };
		F66FADDA1F28F8410017F758 /* CreateAccountVC.swift */ = {isa = PBXFileReference; lastKnownFileType = sourcecode.swift; path = CreateAccountVC.swift; sourceTree = "<group>"; };
		F68CB21B1F29447A00AED387 /* AuthService.swift */ = {isa = PBXFileReference; lastKnownFileType = sourcecode.swift; path = AuthService.swift; sourceTree = "<group>"; };
		F68FBD191F2A9A03009F0466 /* AvatarCell.swift */ = {isa = PBXFileReference; lastKnownFileType = sourcecode.swift; path = AvatarCell.swift; sourceTree = "<group>"; };
		F68FBD1B1F2AA31D009F0466 /* CircleImage.swift */ = {isa = PBXFileReference; lastKnownFileType = sourcecode.swift; path = CircleImage.swift; sourceTree = "<group>"; };
		F68FBD1D1F2AB29D009F0466 /* ProfileVC.swift */ = {isa = PBXFileReference; lastKnownFileType = sourcecode.swift; path = ProfileVC.swift; sourceTree = "<group>"; };
		F68FBD1E1F2AB29D009F0466 /* ProfileVC.xib */ = {isa = PBXFileReference; lastKnownFileType = file.xib; path = ProfileVC.xib; sourceTree = "<group>"; };
		F6F545A81F2A88A400468135 /* RoundedButton.swift */ = {isa = PBXFileReference; lastKnownFileType = sourcecode.swift; path = RoundedButton.swift; sourceTree = "<group>"; };
		F6F545AA1F2A900000468135 /* UserDataService.swift */ = {isa = PBXFileReference; lastKnownFileType = sourcecode.swift; path = UserDataService.swift; sourceTree = "<group>"; };
		F6F545AC1F2A97C400468135 /* AvatarPickerVC.swift */ = {isa = PBXFileReference; lastKnownFileType = sourcecode.swift; path = AvatarPickerVC.swift; sourceTree = "<group>"; };
/* End PBXFileReference section */

/* Begin PBXFrameworksBuildPhase section */
		F66FADAC1F27F4A40017F758 /* Frameworks */ = {
			isa = PBXFrameworksBuildPhase;
			buildActionMask = 2147483647;
			files = (
				7076A382817C4975F1BD2F31 /* Pods_smackChat.framework in Frameworks */,
			);
			runOnlyForDeploymentPostprocessing = 0;
		};
/* End PBXFrameworksBuildPhase section */

/* Begin PBXGroup section */
		0801A08B205932E89E4D6983 /* Frameworks */ = {
			isa = PBXGroup;
			children = (
				658DC7B09950FC55116249AF /* Pods_smackChat.framework */,
			);
			name = Frameworks;
			sourceTree = "<group>";
		};
		A24C1579C127394DA6B45112 /* Pods */ = {
			isa = PBXGroup;
			children = (
				465A4CD5AE397B8F4E8AF3A2 /* Pods-smackChat.debug.xcconfig */,
				B14770CAD4465D21BB68C0BD /* Pods-smackChat.release.xcconfig */,
			);
			name = Pods;
			sourceTree = "<group>";
		};
		F66FADA61F27F4A40017F758 = {
			isa = PBXGroup;
			children = (
				F66FADB11F27F4A40017F758 /* smackChat */,
				F66FADB01F27F4A40017F758 /* Products */,
				A24C1579C127394DA6B45112 /* Pods */,
				0801A08B205932E89E4D6983 /* Frameworks */,
			);
			sourceTree = "<group>";
		};
		F66FADB01F27F4A40017F758 /* Products */ = {
			isa = PBXGroup;
			children = (
				F66FADAF1F27F4A40017F758 /* smackChat.app */,
			);
			name = Products;
			sourceTree = "<group>";
		};
		F66FADB11F27F4A40017F758 /* smackChat */ = {
			isa = PBXGroup;
			children = (
				F68FBD211F2AB2B8009F0466 /* XIBs */,
				F68CB21A1F29446D00AED387 /* Services */,
				F66FADD51F2840680017F758 /* Utilities */,
				F66FADCA1F27FC810017F758 /* Model */,
				F66FADC91F27FC7C0017F758 /* View */,
				F66FADC81F27FC700017F758 /* Controller */,
				F66FADC41F27F9300017F758 /* Supporting Files */,
				F66FADB21F27F4A40017F758 /* AppDelegate.swift */,
				F66FADB61F27F4A40017F758 /* Main.storyboard */,
				F66FADB91F27F4A40017F758 /* Assets.xcassets */,
				F66FADBB1F27F4A40017F758 /* LaunchScreen.storyboard */,
				F66FADBE1F27F4A40017F758 /* Info.plist */,
			);
			path = smackChat;
			sourceTree = "<group>";
		};
		F66FADC41F27F9300017F758 /* Supporting Files */ = {
			isa = PBXGroup;
			children = (
				F66FADD01F2803340017F758 /* SWRevealViewController.h */,
				F66FADCF1F2803340017F758 /* SWRevealViewController.m */,
				F66FADD21F2804320017F758 /* smackChat-Bridging-Header.h */,
			);
			path = "Supporting Files";
			sourceTree = "<group>";
		};
		F66FADC81F27FC700017F758 /* Controller */ = {
			isa = PBXGroup;
			children = (
				F66FADCB1F27FCA30017F758 /* ChatVC.swift */,
				F66FADCD1F27FCB20017F758 /* ChannelVC.swift */,
				F66FADD81F2844A40017F758 /* LoginVC.swift */,
				F66FADDA1F28F8410017F758 /* CreateAccountVC.swift */,
				F6F545AC1F2A97C400468135 /* AvatarPickerVC.swift */,
				F68FBD1D1F2AB29D009F0466 /* ProfileVC.swift */,
			);
			path = Controller;
			sourceTree = "<group>";
		};
		F66FADC91F27FC7C0017F758 /* View */ = {
			isa = PBXGroup;
			children = (
				F66FADD31F2838650017F758 /* GradientView.swift */,
				F6F545A81F2A88A400468135 /* RoundedButton.swift */,
				F68FBD191F2A9A03009F0466 /* AvatarCell.swift */,
				F68FBD1B1F2AA31D009F0466 /* CircleImage.swift */,
			);
			path = View;
			sourceTree = "<group>";
		};
		F66FADCA1F27FC810017F758 /* Model */ = {
			isa = PBXGroup;
			children = (
			);
			path = Model;
			sourceTree = "<group>";
		};
		F66FADD51F2840680017F758 /* Utilities */ = {
			isa = PBXGroup;
			children = (
				F66FADD61F2840790017F758 /* Constants.swift */,
			);
			path = Utilities;
			sourceTree = "<group>";
		};
		F68CB21A1F29446D00AED387 /* Services */ = {
			isa = PBXGroup;
			children = (
				F68CB21B1F29447A00AED387 /* AuthService.swift */,
				F6F545AA1F2A900000468135 /* UserDataService.swift */,
			);
			path = Services;
			sourceTree = "<group>";
		};
		F68FBD211F2AB2B8009F0466 /* XIBs */ = {
			isa = PBXGroup;
			children = (
				F68FBD1E1F2AB29D009F0466 /* ProfileVC.xib */,
			);
			path = XIBs;
			sourceTree = "<group>";
		};
/* End PBXGroup section */

/* Begin PBXNativeTarget section */
		F66FADAE1F27F4A40017F758 /* smackChat */ = {
			isa = PBXNativeTarget;
			buildConfigurationList = F66FADC11F27F4A40017F758 /* Build configuration list for PBXNativeTarget "smackChat" */;
			buildPhases = (
				645CF296B1C0BFE84B28DCAD /* [CP] Check Pods Manifest.lock */,
				F66FADAB1F27F4A40017F758 /* Sources */,
				F66FADAC1F27F4A40017F758 /* Frameworks */,
				F66FADAD1F27F4A40017F758 /* Resources */,
				008E6618A69BE9EFFA0A5CB3 /* [CP] Embed Pods Frameworks */,
				E25BAAD39168C59793D90A76 /* [CP] Copy Pods Resources */,
			);
			buildRules = (
			);
			dependencies = (
			);
			name = smackChat;
			productName = smackChat;
			productReference = F66FADAF1F27F4A40017F758 /* smackChat.app */;
			productType = "com.apple.product-type.application";
		};
/* End PBXNativeTarget section */

/* Begin PBXProject section */
		F66FADA71F27F4A40017F758 /* Project object */ = {
			isa = PBXProject;
			attributes = {
				LastSwiftUpdateCheck = 0900;
				LastUpgradeCheck = 0900;
				ORGANIZATIONNAME = "Justin Lindsay";
				TargetAttributes = {
					F66FADAE1F27F4A40017F758 = {
						CreatedOnToolsVersion = 9.0;
						LastSwiftMigration = 0900;
					};
				};
			};
			buildConfigurationList = F66FADAA1F27F4A40017F758 /* Build configuration list for PBXProject "smackChat" */;
			compatibilityVersion = "Xcode 8.0";
			developmentRegion = en;
			hasScannedForEncodings = 0;
			knownRegions = (
				en,
				Base,
			);
			mainGroup = F66FADA61F27F4A40017F758;
			productRefGroup = F66FADB01F27F4A40017F758 /* Products */;
			projectDirPath = "";
			projectRoot = "";
			targets = (
				F66FADAE1F27F4A40017F758 /* smackChat */,
			);
		};
/* End PBXProject section */

/* Begin PBXResourcesBuildPhase section */
		F66FADAD1F27F4A40017F758 /* Resources */ = {
			isa = PBXResourcesBuildPhase;
			buildActionMask = 2147483647;
			files = (
				F68FBD201F2AB29D009F0466 /* ProfileVC.xib in Resources */,
				F66FADBD1F27F4A40017F758 /* LaunchScreen.storyboard in Resources */,
				F66FADBA1F27F4A40017F758 /* Assets.xcassets in Resources */,
				F66FADB81F27F4A40017F758 /* Main.storyboard in Resources */,
			);
			runOnlyForDeploymentPostprocessing = 0;
		};
/* End PBXResourcesBuildPhase section */

/* Begin PBXShellScriptBuildPhase section */
		008E6618A69BE9EFFA0A5CB3 /* [CP] Embed Pods Frameworks */ = {
			isa = PBXShellScriptBuildPhase;
			buildActionMask = 2147483647;
			files = (
			);
			inputPaths = (
			);
			name = "[CP] Embed Pods Frameworks";
			outputPaths = (
			);
			runOnlyForDeploymentPostprocessing = 0;
			shellPath = /bin/sh;
			shellScript = "\"${SRCROOT}/Pods/Target Support Files/Pods-smackChat/Pods-smackChat-frameworks.sh\"\n";
			showEnvVarsInLog = 0;
		};
		645CF296B1C0BFE84B28DCAD /* [CP] Check Pods Manifest.lock */ = {
			isa = PBXShellScriptBuildPhase;
			buildActionMask = 2147483647;
			files = (
			);
			inputPaths = (
			);
			name = "[CP] Check Pods Manifest.lock";
			outputPaths = (
			);
			runOnlyForDeploymentPostprocessing = 0;
			shellPath = /bin/sh;
			shellScript = "diff \"${PODS_ROOT}/../Podfile.lock\" \"${PODS_ROOT}/Manifest.lock\" > /dev/null\nif [ $? != 0 ] ; then\n    # print error to STDERR\n    echo \"error: The sandbox is not in sync with the Podfile.lock. Run 'pod install' or update your CocoaPods installation.\" >&2\n    exit 1\nfi\n";
			showEnvVarsInLog = 0;
		};
		E25BAAD39168C59793D90A76 /* [CP] Copy Pods Resources */ = {
			isa = PBXShellScriptBuildPhase;
			buildActionMask = 2147483647;
			files = (
			);
			inputPaths = (
			);
			name = "[CP] Copy Pods Resources";
			outputPaths = (
			);
			runOnlyForDeploymentPostprocessing = 0;
			shellPath = /bin/sh;
			shellScript = "\"${SRCROOT}/Pods/Target Support Files/Pods-smackChat/Pods-smackChat-resources.sh\"\n";
			showEnvVarsInLog = 0;
		};
/* End PBXShellScriptBuildPhase section */

/* Begin PBXSourcesBuildPhase section */
		F66FADAB1F27F4A40017F758 /* Sources */ = {
			isa = PBXSourcesBuildPhase;
			buildActionMask = 2147483647;
			files = (
				F68FBD1F1F2AB29D009F0466 /* ProfileVC.swift in Sources */,
				F66FADCC1F27FCA30017F758 /* ChatVC.swift in Sources */,
				F6F545A91F2A88A400468135 /* RoundedButton.swift in Sources */,
				F66FADCE1F27FCB20017F758 /* ChannelVC.swift in Sources */,
				F68FBD1C1F2AA31D009F0466 /* CircleImage.swift in Sources */,
				F6F545AB1F2A900000468135 /* UserDataService.swift in Sources */,
				F66FADDB1F28F8410017F758 /* CreateAccountVC.swift in Sources */,
				F68CB21C1F29447A00AED387 /* AuthService.swift in Sources */,
				F66FADD91F2844A40017F758 /* LoginVC.swift in Sources */,
				F66FADD41F2838650017F758 /* GradientView.swift in Sources */,
				F66FADB31F27F4A40017F758 /* AppDelegate.swift in Sources */,
				F68FBD1A1F2A9A03009F0466 /* AvatarCell.swift in Sources */,
				F66FADD11F2803990017F758 /* SWRevealViewController.m in Sources */,
				F6F545AD1F2A97C400468135 /* AvatarPickerVC.swift in Sources */,
				F66FADD71F2840790017F758 /* Constants.swift in Sources */,
			);
			runOnlyForDeploymentPostprocessing = 0;
		};
/* End PBXSourcesBuildPhase section */

/* Begin PBXVariantGroup section */
		F66FADB61F27F4A40017F758 /* Main.storyboard */ = {
			isa = PBXVariantGroup;
			children = (
				F66FADB71F27F4A40017F758 /* Base */,
			);
			name = Main.storyboard;
			sourceTree = "<group>";
		};
		F66FADBB1F27F4A40017F758 /* LaunchScreen.storyboard */ = {
			isa = PBXVariantGroup;
			children = (
				F66FADBC1F27F4A40017F758 /* Base */,
			);
			name = LaunchScreen.storyboard;
			sourceTree = "<group>";
		};
/* End PBXVariantGroup section */

/* Begin XCBuildConfiguration section */
		F66FADBF1F27F4A40017F758 /* Debug */ = {
			isa = XCBuildConfiguration;
			buildSettings = {
				ALWAYS_SEARCH_USER_PATHS = NO;
				CLANG_ANALYZER_NONNULL = YES;
				CLANG_ANALYZER_NUMBER_OBJECT_CONVERSION = YES_AGGRESSIVE;
				CLANG_CXX_LANGUAGE_STANDARD = "gnu++14";
				CLANG_CXX_LIBRARY = "libc++";
				CLANG_ENABLE_MODULES = YES;
				CLANG_ENABLE_OBJC_ARC = YES;
				CLANG_WARN_BLOCK_CAPTURE_AUTORELEASING = YES;
				CLANG_WARN_BOOL_CONVERSION = YES;
				CLANG_WARN_COMMA = YES;
				CLANG_WARN_CONSTANT_CONVERSION = YES;
				CLANG_WARN_DIRECT_OBJC_ISA_USAGE = YES_ERROR;
				CLANG_WARN_DOCUMENTATION_COMMENTS = YES;
				CLANG_WARN_EMPTY_BODY = YES;
				CLANG_WARN_ENUM_CONVERSION = YES;
				CLANG_WARN_INFINITE_RECURSION = YES;
				CLANG_WARN_INT_CONVERSION = YES;
				CLANG_WARN_NON_LITERAL_NULL_CONVERSION = YES;
				CLANG_WARN_OBJC_LITERAL_CONVERSION = YES;
				CLANG_WARN_OBJC_ROOT_CLASS = YES_ERROR;
				CLANG_WARN_RANGE_LOOP_ANALYSIS = YES;
				CLANG_WARN_STRICT_PROTOTYPES = YES;
				CLANG_WARN_SUSPICIOUS_MOVE = YES;
				CLANG_WARN_UNGUARDED_AVAILABILITY = YES_AGGRESSIVE;
				CLANG_WARN_UNREACHABLE_CODE = YES;
				CLANG_WARN__DUPLICATE_METHOD_MATCH = YES;
				CODE_SIGN_IDENTITY = "iPhone Developer";
				COPY_PHASE_STRIP = NO;
				DEBUG_INFORMATION_FORMAT = dwarf;
				ENABLE_STRICT_OBJC_MSGSEND = YES;
				ENABLE_TESTABILITY = YES;
				GCC_C_LANGUAGE_STANDARD = gnu11;
				GCC_DYNAMIC_NO_PIC = NO;
				GCC_NO_COMMON_BLOCKS = YES;
				GCC_OPTIMIZATION_LEVEL = 0;
				GCC_PREPROCESSOR_DEFINITIONS = (
					"DEBUG=1",
					"$(inherited)",
				);
				GCC_WARN_64_TO_32_BIT_CONVERSION = YES;
				GCC_WARN_ABOUT_RETURN_TYPE = YES_ERROR;
				GCC_WARN_UNDECLARED_SELECTOR = YES;
				GCC_WARN_UNINITIALIZED_AUTOS = YES_AGGRESSIVE;
				GCC_WARN_UNUSED_FUNCTION = YES;
				GCC_WARN_UNUSED_VARIABLE = YES;
				IPHONEOS_DEPLOYMENT_TARGET = 11.0;
				MTL_ENABLE_DEBUG_INFO = YES;
				ONLY_ACTIVE_ARCH = YES;
				SDKROOT = iphoneos;
				SWIFT_ACTIVE_COMPILATION_CONDITIONS = DEBUG;
				SWIFT_OPTIMIZATION_LEVEL = "-Onone";
			};
			name = Debug;
		};
		F66FADC01F27F4A40017F758 /* Release */ = {
			isa = XCBuildConfiguration;
			buildSettings = {
				ALWAYS_SEARCH_USER_PATHS = NO;
				CLANG_ANALYZER_NONNULL = YES;
				CLANG_ANALYZER_NUMBER_OBJECT_CONVERSION = YES_AGGRESSIVE;
				CLANG_CXX_LANGUAGE_STANDARD = "gnu++14";
				CLANG_CXX_LIBRARY = "libc++";
				CLANG_ENABLE_MODULES = YES;
				CLANG_ENABLE_OBJC_ARC = YES;
				CLANG_WARN_BLOCK_CAPTURE_AUTORELEASING = YES;
				CLANG_WARN_BOOL_CONVERSION = YES;
				CLANG_WARN_COMMA = YES;
				CLANG_WARN_CONSTANT_CONVERSION = YES;
				CLANG_WARN_DIRECT_OBJC_ISA_USAGE = YES_ERROR;
				CLANG_WARN_DOCUMENTATION_COMMENTS = YES;
				CLANG_WARN_EMPTY_BODY = YES;
				CLANG_WARN_ENUM_CONVERSION = YES;
				CLANG_WARN_INFINITE_RECURSION = YES;
				CLANG_WARN_INT_CONVERSION = YES;
				CLANG_WARN_NON_LITERAL_NULL_CONVERSION = YES;
				CLANG_WARN_OBJC_LITERAL_CONVERSION = YES;
				CLANG_WARN_OBJC_ROOT_CLASS = YES_ERROR;
				CLANG_WARN_RANGE_LOOP_ANALYSIS = YES;
				CLANG_WARN_STRICT_PROTOTYPES = YES;
				CLANG_WARN_SUSPICIOUS_MOVE = YES;
				CLANG_WARN_UNGUARDED_AVAILABILITY = YES_AGGRESSIVE;
				CLANG_WARN_UNREACHABLE_CODE = YES;
				CLANG_WARN__DUPLICATE_METHOD_MATCH = YES;
				CODE_SIGN_IDENTITY = "iPhone Developer";
				COPY_PHASE_STRIP = NO;
				DEBUG_INFORMATION_FORMAT = "dwarf-with-dsym";
				ENABLE_NS_ASSERTIONS = NO;
				ENABLE_STRICT_OBJC_MSGSEND = YES;
				GCC_C_LANGUAGE_STANDARD = gnu11;
				GCC_NO_COMMON_BLOCKS = YES;
				GCC_WARN_64_TO_32_BIT_CONVERSION = YES;
				GCC_WARN_ABOUT_RETURN_TYPE = YES_ERROR;
				GCC_WARN_UNDECLARED_SELECTOR = YES;
				GCC_WARN_UNINITIALIZED_AUTOS = YES_AGGRESSIVE;
				GCC_WARN_UNUSED_FUNCTION = YES;
				GCC_WARN_UNUSED_VARIABLE = YES;
				IPHONEOS_DEPLOYMENT_TARGET = 11.0;
				MTL_ENABLE_DEBUG_INFO = NO;
				SDKROOT = iphoneos;
				SWIFT_OPTIMIZATION_LEVEL = "-Owholemodule";
				VALIDATE_PRODUCT = YES;
			};
			name = Release;
		};
		F66FADC21F27F4A40017F758 /* Debug */ = {
			isa = XCBuildConfiguration;
			baseConfigurationReference = 465A4CD5AE397B8F4E8AF3A2 /* Pods-smackChat.debug.xcconfig */;
			buildSettings = {
				ASSETCATALOG_COMPILER_APPICON_NAME = AppIcon;
				CLANG_ENABLE_MODULES = YES;
				INFOPLIST_FILE = smackChat/Info.plist;
				LD_RUNPATH_SEARCH_PATHS = "$(inherited) @executable_path/Frameworks";
				PRODUCT_BUNDLE_IDENTIFIER = com.justinl.smackChat;
				PRODUCT_NAME = "$(TARGET_NAME)";
				SWIFT_OBJC_BRIDGING_HEADER = "smackChat/Supporting Files/smackChat-Bridging-Header.h";
				SWIFT_OPTIMIZATION_LEVEL = "-Onone";
				SWIFT_VERSION = 4.0;
				TARGETED_DEVICE_FAMILY = "1,2";
			};
			name = Debug;
		};
		F66FADC31F27F4A40017F758 /* Release */ = {
			isa = XCBuildConfiguration;
			baseConfigurationReference = B14770CAD4465D21BB68C0BD /* Pods-smackChat.release.xcconfig */;
			buildSettings = {
				ASSETCATALOG_COMPILER_APPICON_NAME = AppIcon;
				CLANG_ENABLE_MODULES = YES;
				INFOPLIST_FILE = smackChat/Info.plist;
				LD_RUNPATH_SEARCH_PATHS = "$(inherited) @executable_path/Frameworks";
				PRODUCT_BUNDLE_IDENTIFIER = com.justinl.smackChat;
				PRODUCT_NAME = "$(TARGET_NAME)";
				SWIFT_OBJC_BRIDGING_HEADER = "smackChat/Supporting Files/smackChat-Bridging-Header.h";
				SWIFT_VERSION = 4.0;
				TARGETED_DEVICE_FAMILY = "1,2";
			};
			name = Release;
		};
/* End XCBuildConfiguration section */

/* Begin XCConfigurationList section */
		F66FADAA1F27F4A40017F758 /* Build configuration list for PBXProject "smackChat" */ = {
			isa = XCConfigurationList;
			buildConfigurations = (
				F66FADBF1F27F4A40017F758 /* Debug */,
				F66FADC01F27F4A40017F758 /* Release */,
			);
			defaultConfigurationIsVisible = 0;
			defaultConfigurationName = Release;
		};
		F66FADC11F27F4A40017F758 /* Build configuration list for PBXNativeTarget "smackChat" */ = {
			isa = XCConfigurationList;
			buildConfigurations = (
				F66FADC21F27F4A40017F758 /* Debug */,
				F66FADC31F27F4A40017F758 /* Release */,
			);
			defaultConfigurationIsVisible = 0;
			defaultConfigurationName = Release;
		};
/* End XCConfigurationList section */
	};
	rootObject = F66FADA71F27F4A40017F758 /* Project object */;
}
